
Microsoft Visual Studio Solution File, Format Version 12.00
# Visual Studio 2013
VisualStudioVersion = 12.0.30501.0
MinimumVisualStudioVersion = 10.0.40219.1
Project("{FAE04EC0-301F-11D3-BF4B-00C04F79EFBC}") = "BowlingKata", "BowlingKata\BowlingKata.csproj", "{6991AFE5-284F-4823-B776-44EB4AD260DE}"
EndProject
Project("{FAE04EC0-301F-11D3-BF4B-00C04F79EFBC}") = "BowlingKata.Tests", "BowlingKata.Tests\BowlingKata.Tests.csproj", "{B318866B-805E-4842-8B72-A6C5AF373F23}"
EndProject
Global
	GlobalSection(SolutionConfigurationPlatforms) = preSolution
		Debug|Any CPU = Debug|Any CPU
		Release|Any CPU = Release|Any CPU
	EndGlobalSection
	GlobalSection(ProjectConfigurationPlatforms) = postSolution
		{6991AFE5-284F-4823-B776-44EB4AD260DE}.Debug|Any CPU.ActiveCfg = Debug|Any CPU
		{6991AFE5-284F-4823-B776-44EB4AD260DE}.Debug|Any CPU.Build.0 = Debug|Any CPU
		{6991AFE5-284F-4823-B776-44EB4AD260DE}.Release|Any CPU.ActiveCfg = Release|Any CPU
		{6991AFE5-284F-4823-B776-44EB4AD260DE}.Release|Any CPU.Build.0 = Release|Any CPU
		{B318866B-805E-4842-8B72-A6C5AF373F23}.Debug|Any CPU.ActiveCfg = Debug|Any CPU
		{B318866B-805E-4842-8B72-A6C5AF373F23}.Debug|Any CPU.Build.0 = Debug|Any CPU
		{B318866B-805E-4842-8B72-A6C5AF373F23}.Release|Any CPU.ActiveCfg = Release|Any CPU
		{B318866B-805E-4842-8B72-A6C5AF373F23}.Release|Any CPU.Build.0 = Release|Any CPU
	EndGlobalSection
	GlobalSection(SolutionProperties) = preSolution
		HideSolutionNode = FALSE
	EndGlobalSection
EndGlobal
