
Microsoft Visual Studio Solution File, Format Version 12.00
# Visual Studio 2013
VisualStudioVersion = 12.0.31101.0
MinimumVisualStudioVersion = 10.0.40219.1
Project("{FAE04EC0-301F-11D3-BF4B-00C04F79EFBC}") = "SOLID", "SOLID\SOLID.csproj", "{05ADC409-9D1C-41FE-809A-8835B9C82B05}"
EndProject
Project("{2150E333-8FDC-42A3-9474-1A3956D46DE8}") = "Solution Items", "Solution Items", "{E2F977FA-9CAB-4992-8A0C-A102951CA8EC}"
	ProjectSection(SolutionItems) = preProject
		..\README.md = ..\README.md
	EndProjectSection
EndProject
Global
	GlobalSection(SolutionConfigurationPlatforms) = preSolution
		Debug|Any CPU = Debug|Any CPU
		Release|Any CPU = Release|Any CPU
	EndGlobalSection
	GlobalSection(ProjectConfigurationPlatforms) = postSolution
		{05ADC409-9D1C-41FE-809A-8835B9C82B05}.Debug|Any CPU.ActiveCfg = Debug|Any CPU
		{05ADC409-9D1C-41FE-809A-8835B9C82B05}.Debug|Any CPU.Build.0 = Debug|Any CPU
		{05ADC409-9D1C-41FE-809A-8835B9C82B05}.Release|Any CPU.ActiveCfg = Release|Any CPU
		{05ADC409-9D1C-41FE-809A-8835B9C82B05}.Release|Any CPU.Build.0 = Release|Any CPU
	EndGlobalSection
	GlobalSection(SolutionProperties) = preSolution
		HideSolutionNode = FALSE
	EndGlobalSection
EndGlobal
